// !$*UTF8*$!
{
	archiveVersion = 1;
	classes = {
	};
	objectVersion = 50;
	objects = {

/* Begin PBXBuildFile section */
		644E5F25258A54EF007131E5 /* AppDelegate.swift in Sources */ = {isa = PBXBuildFile; fileRef = 644E5F24258A54EF007131E5 /* AppDelegate.swift */; };
		644E5F27258A54EF007131E5 /* SceneDelegate.swift in Sources */ = {isa = PBXBuildFile; fileRef = 644E5F26258A54EF007131E5 /* SceneDelegate.swift */; };
		644E5F29258A54EF007131E5 /* ContentView.swift in Sources */ = {isa = PBXBuildFile; fileRef = 644E5F28258A54EF007131E5 /* ContentView.swift */; };
		644E5F2B258A54F2007131E5 /* Assets.xcassets in Resources */ = {isa = PBXBuildFile; fileRef = 644E5F2A258A54F2007131E5 /* Assets.xcassets */; };
		644E5F2E258A54F2007131E5 /* Preview Assets.xcassets in Resources */ = {isa = PBXBuildFile; fileRef = 644E5F2D258A54F2007131E5 /* Preview Assets.xcassets */; };
		644E5F31258A54F2007131E5 /* LaunchScreen.storyboard in Resources */ = {isa = PBXBuildFile; fileRef = 644E5F2F258A54F2007131E5 /* LaunchScreen.storyboard */; };
		644E5F40258A5509007131E5 /* AppDelegate.swift in Sources */ = {isa = PBXBuildFile; fileRef = 644E5F3F258A5509007131E5 /* AppDelegate.swift */; };
		644E5F42258A5509007131E5 /* SceneDelegate.swift in Sources */ = {isa = PBXBuildFile; fileRef = 644E5F41258A5509007131E5 /* SceneDelegate.swift */; };
		644E5F44258A5509007131E5 /* ContentView.swift in Sources */ = {isa = PBXBuildFile; fileRef = 644E5F43258A5509007131E5 /* ContentView.swift */; };
		644E5F46258A550A007131E5 /* Assets.xcassets in Resources */ = {isa = PBXBuildFile; fileRef = 644E5F45258A550A007131E5 /* Assets.xcassets */; };
		644E5F49258A550A007131E5 /* Preview Assets.xcassets in Resources */ = {isa = PBXBuildFile; fileRef = 644E5F48258A550A007131E5 /* Preview Assets.xcassets */; };
		644E5F4C258A550A007131E5 /* LaunchScreen.storyboard in Resources */ = {isa = PBXBuildFile; fileRef = 644E5F4A258A550A007131E5 /* LaunchScreen.storyboard */; };
		644E5F51258A550A007131E5 /* App Clip.app in Embed App Clips */ = {isa = PBXBuildFile; fileRef = 644E5F3D258A5509007131E5 /* App Clip.app */; settings = {ATTRIBUTES = (RemoveHeadersOnCopy, ); }; };
/* End PBXBuildFile section */

/* Begin PBXContainerItemProxy section */
		644E5F4F258A550A007131E5 /* PBXContainerItemProxy */ = {
			isa = PBXContainerItemProxy;
			containerPortal = 644E5F19258A54EF007131E5 /* Project object */;
			proxyType = 1;
			remoteGlobalIDString = 644E5F3C258A5509007131E5;
			remoteInfo = "App Clip";
		};
/* End PBXContainerItemProxy section */

/* Begin PBXCopyFilesBuildPhase section */
		644E5F55258A550A007131E5 /* Embed App Clips */ = {
			isa = PBXCopyFilesBuildPhase;
			buildActionMask = 2147483647;
			dstPath = "$(CONTENTS_FOLDER_PATH)/AppClips";
			dstSubfolderSpec = 16;
			files = (
				644E5F51258A550A007131E5 /* App Clip.app in Embed App Clips */,
			);
			name = "Embed App Clips";
			runOnlyForDeploymentPostprocessing = 0;
		};
/* End PBXCopyFilesBuildPhase section */

/* Begin PBXFileReference section */
		644E5F21258A54EF007131E5 /* SampleAppClipApp.app */ = {isa = PBXFileReference; explicitFileType = wrapper.application; includeInIndex = 0; path = SampleAppClipApp.app; sourceTree = BUILT_PRODUCTS_DIR; };
		644E5F24258A54EF007131E5 /* AppDelegate.swift */ = {isa = PBXFileReference; lastKnownFileType = sourcecode.swift; path = AppDelegate.swift; sourceTree = "<group>"; };
		644E5F26258A54EF007131E5 /* SceneDelegate.swift */ = {isa = PBXFileReference; lastKnownFileType = sourcecode.swift; path = SceneDelegate.swift; sourceTree = "<group>"; };
		644E5F28258A54EF007131E5 /* ContentView.swift */ = {isa = PBXFileReference; lastKnownFileType = sourcecode.swift; path = ContentView.swift; sourceTree = "<group>"; };
		644E5F2A258A54F2007131E5 /* Assets.xcassets */ = {isa = PBXFileReference; lastKnownFileType = folder.assetcatalog; path = Assets.xcassets; sourceTree = "<group>"; };
		644E5F2D258A54F2007131E5 /* Preview Assets.xcassets */ = {isa = PBXFileReference; lastKnownFileType = folder.assetcatalog; path = "Preview Assets.xcassets"; sourceTree = "<group>"; };
		644E5F30258A54F2007131E5 /* Base */ = {isa = PBXFileReference; lastKnownFileType = file.storyboard; name = Base; path = Base.lproj/LaunchScreen.storyboard; sourceTree = "<group>"; };
		644E5F32258A54F2007131E5 /* Info.plist */ = {isa = PBXFileReference; lastKnownFileType = text.plist.xml; path = Info.plist; sourceTree = "<group>"; };
		644E5F3D258A5509007131E5 /* App Clip.app */ = {isa = PBXFileReference; explicitFileType = wrapper.application; includeInIndex = 0; path = "App Clip.app"; sourceTree = BUILT_PRODUCTS_DIR; };
		644E5F3F258A5509007131E5 /* AppDelegate.swift */ = {isa = PBXFileReference; lastKnownFileType = sourcecode.swift; path = AppDelegate.swift; sourceTree = "<group>"; };
		644E5F41258A5509007131E5 /* SceneDelegate.swift */ = {isa = PBXFileReference; lastKnownFileType = sourcecode.swift; path = SceneDelegate.swift; sourceTree = "<group>"; };
		644E5F43258A5509007131E5 /* ContentView.swift */ = {isa = PBXFileReference; lastKnownFileType = sourcecode.swift; path = ContentView.swift; sourceTree = "<group>"; };
		644E5F45258A550A007131E5 /* Assets.xcassets */ = {isa = PBXFileReference; lastKnownFileType = folder.assetcatalog; path = Assets.xcassets; sourceTree = "<group>"; };
		644E5F48258A550A007131E5 /* Preview Assets.xcassets */ = {isa = PBXFileReference; lastKnownFileType = folder.assetcatalog; path = "Preview Assets.xcassets"; sourceTree = "<group>"; };
		644E5F4B258A550A007131E5 /* Base */ = {isa = PBXFileReference; lastKnownFileType = file.storyboard; name = Base; path = Base.lproj/LaunchScreen.storyboard; sourceTree = "<group>"; };
		644E5F4D258A550A007131E5 /* Info.plist */ = {isa = PBXFileReference; lastKnownFileType = text.plist.xml; path = Info.plist; sourceTree = "<group>"; };
		644E5F4E258A550A007131E5 /* App_Clip.entitlements */ = {isa = PBXFileReference; lastKnownFileType = text.plist.entitlements; path = App_Clip.entitlements; sourceTree = "<group>"; };
/* End PBXFileReference section */

/* Begin PBXFrameworksBuildPhase section */
		644E5F1E258A54EF007131E5 /* Frameworks */ = {
			isa = PBXFrameworksBuildPhase;
			buildActionMask = 2147483647;
			files = (
			);
			runOnlyForDeploymentPostprocessing = 0;
		};
		644E5F3A258A5509007131E5 /* Frameworks */ = {
			isa = PBXFrameworksBuildPhase;
			buildActionMask = 2147483647;
			files = (
			);
			runOnlyForDeploymentPostprocessing = 0;
		};
/* End PBXFrameworksBuildPhase section */

/* Begin PBXGroup section */
		644E5F18258A54EF007131E5 = {
			isa = PBXGroup;
			children = (
				644E5F23258A54EF007131E5 /* SampleAppClipApp */,
				644E5F3E258A5509007131E5 /* App Clip */,
				644E5F22258A54EF007131E5 /* Products */,
			);
			sourceTree = "<group>";
		};
		644E5F22258A54EF007131E5 /* Products */ = {
			isa = PBXGroup;
			children = (
				644E5F21258A54EF007131E5 /* SampleAppClipApp.app */,
				644E5F3D258A5509007131E5 /* App Clip.app */,
			);
			name = Products;
			sourceTree = "<group>";
		};
		644E5F23258A54EF007131E5 /* SampleAppClipApp */ = {
			isa = PBXGroup;
			children = (
				644E5F24258A54EF007131E5 /* AppDelegate.swift */,
				644E5F26258A54EF007131E5 /* SceneDelegate.swift */,
				644E5F28258A54EF007131E5 /* ContentView.swift */,
				644E5F2A258A54F2007131E5 /* Assets.xcassets */,
				644E5F2F258A54F2007131E5 /* LaunchScreen.storyboard */,
				644E5F32258A54F2007131E5 /* Info.plist */,
				644E5F2C258A54F2007131E5 /* Preview Content */,
			);
			path = SampleAppClipApp;
			sourceTree = "<group>";
		};
		644E5F2C258A54F2007131E5 /* Preview Content */ = {
			isa = PBXGroup;
			children = (
				644E5F2D258A54F2007131E5 /* Preview Assets.xcassets */,
			);
			path = "Preview Content";
			sourceTree = "<group>";
		};
		644E5F3E258A5509007131E5 /* App Clip */ = {
			isa = PBXGroup;
			children = (
				644E5F3F258A5509007131E5 /* AppDelegate.swift */,
				644E5F41258A5509007131E5 /* SceneDelegate.swift */,
				644E5F43258A5509007131E5 /* ContentView.swift */,
				644E5F45258A550A007131E5 /* Assets.xcassets */,
				644E5F4A258A550A007131E5 /* LaunchScreen.storyboard */,
				644E5F4D258A550A007131E5 /* Info.plist */,
				644E5F4E258A550A007131E5 /* App_Clip.entitlements */,
				644E5F47258A550A007131E5 /* Preview Content */,
			);
			path = "App Clip";
			sourceTree = "<group>";
		};
		644E5F47258A550A007131E5 /* Preview Content */ = {
			isa = PBXGroup;
			children = (
				644E5F48258A550A007131E5 /* Preview Assets.xcassets */,
			);
			path = "Preview Content";
			sourceTree = "<group>";
		};
/* End PBXGroup section */

/* Begin PBXNativeTarget section */
		644E5F20258A54EF007131E5 /* SampleAppClipApp */ = {
			isa = PBXNativeTarget;
			buildConfigurationList = 644E5F35258A54F2007131E5 /* Build configuration list for PBXNativeTarget "SampleAppClipApp" */;
			buildPhases = (
				644E5F1D258A54EF007131E5 /* Sources */,
				644E5F1E258A54EF007131E5 /* Frameworks */,
				644E5F1F258A54EF007131E5 /* Resources */,
				644E5F55258A550A007131E5 /* Embed App Clips */,
			);
			buildRules = (
			);
			dependencies = (
				644E5F50258A550A007131E5 /* PBXTargetDependency */,
			);
			name = SampleAppClipApp;
			productName = SampleAppClipApp;
			productReference = 644E5F21258A54EF007131E5 /* SampleAppClipApp.app */;
			productType = "com.apple.product-type.application";
		};
		644E5F3C258A5509007131E5 /* App Clip */ = {
			isa = PBXNativeTarget;
			buildConfigurationList = 644E5F52258A550A007131E5 /* Build configuration list for PBXNativeTarget "App Clip" */;
			buildPhases = (
				644E5F39258A5509007131E5 /* Sources */,
				644E5F3A258A5509007131E5 /* Frameworks */,
				644E5F3B258A5509007131E5 /* Resources */,
			);
			buildRules = (
			);
			dependencies = (
			);
			name = "App Clip";
			productName = "App Clip";
			productReference = 644E5F3D258A5509007131E5 /* App Clip.app */;
			productType = "com.apple.product-type.application.on-demand-install-capable";
		};
/* End PBXNativeTarget section */

/* Begin PBXProject section */
		644E5F19258A54EF007131E5 /* Project object */ = {
			isa = PBXProject;
			attributes = {
				LastSwiftUpdateCheck = 1230;
				LastUpgradeCheck = 1230;
				TargetAttributes = {
					644E5F20258A54EF007131E5 = {
						CreatedOnToolsVersion = 12.3;
					};
					644E5F3C258A5509007131E5 = {
						CreatedOnToolsVersion = 12.3;
					};
				};
			};
			buildConfigurationList = 644E5F1C258A54EF007131E5 /* Build configuration list for PBXProject "SampleAppClipApp" */;
			compatibilityVersion = "Xcode 9.3";
			developmentRegion = en;
			hasScannedForEncodings = 0;
			knownRegions = (
				en,
				Base,
			);
			mainGroup = 644E5F18258A54EF007131E5;
			productRefGroup = 644E5F22258A54EF007131E5 /* Products */;
			projectDirPath = "";
			projectRoot = "";
			targets = (
				644E5F20258A54EF007131E5 /* SampleAppClipApp */,
				644E5F3C258A5509007131E5 /* App Clip */,
			);
		};
/* End PBXProject section */

/* Begin PBXResourcesBuildPhase section */
		644E5F1F258A54EF007131E5 /* Resources */ = {
			isa = PBXResourcesBuildPhase;
			buildActionMask = 2147483647;
			files = (
				644E5F31258A54F2007131E5 /* LaunchScreen.storyboard in Resources */,
				644E5F2E258A54F2007131E5 /* Preview Assets.xcassets in Resources */,
				644E5F2B258A54F2007131E5 /* Assets.xcassets in Resources */,
			);
			runOnlyForDeploymentPostprocessing = 0;
		};
		644E5F3B258A5509007131E5 /* Resources */ = {
			isa = PBXResourcesBuildPhase;
			buildActionMask = 2147483647;
			files = (
				644E5F4C258A550A007131E5 /* LaunchScreen.storyboard in Resources */,
				644E5F49258A550A007131E5 /* Preview Assets.xcassets in Resources */,
				644E5F46258A550A007131E5 /* Assets.xcassets in Resources */,
			);
			runOnlyForDeploymentPostprocessing = 0;
		};
/* End PBXResourcesBuildPhase section */

/* Begin PBXSourcesBuildPhase section */
		644E5F1D258A54EF007131E5 /* Sources */ = {
			isa = PBXSourcesBuildPhase;
			buildActionMask = 2147483647;
			files = (
				644E5F25258A54EF007131E5 /* AppDelegate.swift in Sources */,
				644E5F27258A54EF007131E5 /* SceneDelegate.swift in Sources */,
				644E5F29258A54EF007131E5 /* ContentView.swift in Sources */,
			);
			runOnlyForDeploymentPostprocessing = 0;
		};
		644E5F39258A5509007131E5 /* Sources */ = {
			isa = PBXSourcesBuildPhase;
			buildActionMask = 2147483647;
			files = (
				644E5F40258A5509007131E5 /* AppDelegate.swift in Sources */,
				644E5F42258A5509007131E5 /* SceneDelegate.swift in Sources */,
				644E5F44258A5509007131E5 /* ContentView.swift in Sources */,
			);
			runOnlyForDeploymentPostprocessing = 0;
		};
/* End PBXSourcesBuildPhase section */

/* Begin PBXTargetDependency section */
		644E5F50258A550A007131E5 /* PBXTargetDependency */ = {
			isa = PBXTargetDependency;
			target = 644E5F3C258A5509007131E5 /* App Clip */;
			targetProxy = 644E5F4F258A550A007131E5 /* PBXContainerItemProxy */;
		};
/* End PBXTargetDependency section */

/* Begin PBXVariantGroup section */
		644E5F2F258A54F2007131E5 /* LaunchScreen.storyboard */ = {
			isa = PBXVariantGroup;
			children = (
				644E5F30258A54F2007131E5 /* Base */,
			);
			name = LaunchScreen.storyboard;
			sourceTree = "<group>";
		};
		644E5F4A258A550A007131E5 /* LaunchScreen.storyboard */ = {
			isa = PBXVariantGroup;
			children = (
				644E5F4B258A550A007131E5 /* Base */,
			);
			name = LaunchScreen.storyboard;
			sourceTree = "<group>";
		};
/* End PBXVariantGroup section */

/* Begin XCBuildConfiguration section */
		644E5F33258A54F2007131E5 /* Debug */ = {
			isa = XCBuildConfiguration;
			buildSettings = {
				ALWAYS_SEARCH_USER_PATHS = NO;
				CLANG_ANALYZER_NONNULL = YES;
				CLANG_ANALYZER_NUMBER_OBJECT_CONVERSION = YES_AGGRESSIVE;
				CLANG_CXX_LANGUAGE_STANDARD = "gnu++14";
				CLANG_CXX_LIBRARY = "libc++";
				CLANG_ENABLE_MODULES = YES;
				CLANG_ENABLE_OBJC_ARC = YES;
				CLANG_ENABLE_OBJC_WEAK = YES;
				CLANG_WARN_BLOCK_CAPTURE_AUTORELEASING = YES;
				CLANG_WARN_BOOL_CONVERSION = YES;
				CLANG_WARN_COMMA = YES;
				CLANG_WARN_CONSTANT_CONVERSION = YES;
				CLANG_WARN_DEPRECATED_OBJC_IMPLEMENTATIONS = YES;
				CLANG_WARN_DIRECT_OBJC_ISA_USAGE = YES_ERROR;
				CLANG_WARN_DOCUMENTATION_COMMENTS = YES;
				CLANG_WARN_EMPTY_BODY = YES;
				CLANG_WARN_ENUM_CONVERSION = YES;
				CLANG_WARN_INFINITE_RECURSION = YES;
				CLANG_WARN_INT_CONVERSION = YES;
				CLANG_WARN_NON_LITERAL_NULL_CONVERSION = YES;
				CLANG_WARN_OBJC_IMPLICIT_RETAIN_SELF = YES;
				CLANG_WARN_OBJC_LITERAL_CONVERSION = YES;
				CLANG_WARN_OBJC_ROOT_CLASS = YES_ERROR;
				CLANG_WARN_QUOTED_INCLUDE_IN_FRAMEWORK_HEADER = YES;
				CLANG_WARN_RANGE_LOOP_ANALYSIS = YES;
				CLANG_WARN_STRICT_PROTOTYPES = YES;
				CLANG_WARN_SUSPICIOUS_MOVE = YES;
				CLANG_WARN_UNGUARDED_AVAILABILITY = YES_AGGRESSIVE;
				CLANG_WARN_UNREACHABLE_CODE = YES;
				CLANG_WARN__DUPLICATE_METHOD_MATCH = YES;
				COPY_PHASE_STRIP = NO;
				DEBUG_INFORMATION_FORMAT = dwarf;
				ENABLE_STRICT_OBJC_MSGSEND = YES;
				ENABLE_TESTABILITY = YES;
				GCC_C_LANGUAGE_STANDARD = gnu11;
				GCC_DYNAMIC_NO_PIC = NO;
				GCC_NO_COMMON_BLOCKS = YES;
				GCC_OPTIMIZATION_LEVEL = 0;
				GCC_PREPROCESSOR_DEFINITIONS = (
					"DEBUG=1",
					"$(inherited)",
				);
				GCC_WARN_64_TO_32_BIT_CONVERSION = YES;
				GCC_WARN_ABOUT_RETURN_TYPE = YES_ERROR;
				GCC_WARN_UNDECLARED_SELECTOR = YES;
				GCC_WARN_UNINITIALIZED_AUTOS = YES_AGGRESSIVE;
				GCC_WARN_UNUSED_FUNCTION = YES;
				GCC_WARN_UNUSED_VARIABLE = YES;
				IPHONEOS_DEPLOYMENT_TARGET = 14.3;
				MTL_ENABLE_DEBUG_INFO = INCLUDE_SOURCE;
				MTL_FAST_MATH = YES;
				ONLY_ACTIVE_ARCH = YES;
				SDKROOT = iphoneos;
				SWIFT_ACTIVE_COMPILATION_CONDITIONS = DEBUG;
				SWIFT_OPTIMIZATION_LEVEL = "-Onone";
			};
			name = Debug;
		};
		644E5F34258A54F2007131E5 /* Release */ = {
			isa = XCBuildConfiguration;
			buildSettings = {
				ALWAYS_SEARCH_USER_PATHS = NO;
				CLANG_ANALYZER_NONNULL = YES;
				CLANG_ANALYZER_NUMBER_OBJECT_CONVERSION = YES_AGGRESSIVE;
				CLANG_CXX_LANGUAGE_STANDARD = "gnu++14";
				CLANG_CXX_LIBRARY = "libc++";
				CLANG_ENABLE_MODULES = YES;
				CLANG_ENABLE_OBJC_ARC = YES;
				CLANG_ENABLE_OBJC_WEAK = YES;
				CLANG_WARN_BLOCK_CAPTURE_AUTORELEASING = YES;
				CLANG_WARN_BOOL_CONVERSION = YES;
				CLANG_WARN_COMMA = YES;
				CLANG_WARN_CONSTANT_CONVERSION = YES;
				CLANG_WARN_DEPRECATED_OBJC_IMPLEMENTATIONS = YES;
				CLANG_WARN_DIRECT_OBJC_ISA_USAGE = YES_ERROR;
				CLANG_WARN_DOCUMENTATION_COMMENTS = YES;
				CLANG_WARN_EMPTY_BODY = YES;
				CLANG_WARN_ENUM_CONVERSION = YES;
				CLANG_WARN_INFINITE_RECURSION = YES;
				CLANG_WARN_INT_CONVERSION = YES;
				CLANG_WARN_NON_LITERAL_NULL_CONVERSION = YES;
				CLANG_WARN_OBJC_IMPLICIT_RETAIN_SELF = YES;
				CLANG_WARN_OBJC_LITERAL_CONVERSION = YES;
				CLANG_WARN_OBJC_ROOT_CLASS = YES_ERROR;
				CLANG_WARN_QUOTED_INCLUDE_IN_FRAMEWORK_HEADER = YES;
				CLANG_WARN_RANGE_LOOP_ANALYSIS = YES;
				CLANG_WARN_STRICT_PROTOTYPES = YES;
				CLANG_WARN_SUSPICIOUS_MOVE = YES;
				CLANG_WARN_UNGUARDED_AVAILABILITY = YES_AGGRESSIVE;
				CLANG_WARN_UNREACHABLE_CODE = YES;
				CLANG_WARN__DUPLICATE_METHOD_MATCH = YES;
				COPY_PHASE_STRIP = NO;
				DEBUG_INFORMATION_FORMAT = "dwarf-with-dsym";
				ENABLE_NS_ASSERTIONS = NO;
				ENABLE_STRICT_OBJC_MSGSEND = YES;
				GCC_C_LANGUAGE_STANDARD = gnu11;
				GCC_NO_COMMON_BLOCKS = YES;
				GCC_WARN_64_TO_32_BIT_CONVERSION = YES;
				GCC_WARN_ABOUT_RETURN_TYPE = YES_ERROR;
				GCC_WARN_UNDECLARED_SELECTOR = YES;
				GCC_WARN_UNINITIALIZED_AUTOS = YES_AGGRESSIVE;
				GCC_WARN_UNUSED_FUNCTION = YES;
				GCC_WARN_UNUSED_VARIABLE = YES;
				IPHONEOS_DEPLOYMENT_TARGET = 14.3;
				MTL_ENABLE_DEBUG_INFO = NO;
				MTL_FAST_MATH = YES;
				SDKROOT = iphoneos;
				SWIFT_COMPILATION_MODE = wholemodule;
				SWIFT_OPTIMIZATION_LEVEL = "-O";
				VALIDATE_PRODUCT = YES;
			};
			name = Release;
		};
		644E5F36258A54F2007131E5 /* Debug */ = {
			isa = XCBuildConfiguration;
			buildSettings = {
				ALWAYS_EMBED_SWIFT_STANDARD_LIBRARIES = YES;
				ASSETCATALOG_COMPILER_APPICON_NAME = AppIcon;
				ASSETCATALOG_COMPILER_GLOBAL_ACCENT_COLOR_NAME = AccentColor;
				CODE_SIGN_STYLE = Automatic;
				DEVELOPMENT_ASSET_PATHS = "\"SampleAppClipApp/Preview Content\"";
				ENABLE_PREVIEWS = YES;
				INFOPLIST_FILE = SampleAppClipApp/Info.plist;
				LD_RUNPATH_SEARCH_PATHS = (
					"$(inherited)",
					"@executable_path/Frameworks",
				);
				PRODUCT_BUNDLE_IDENTIFIER = io.bitrise.SampleAppClipApp;
				PRODUCT_NAME = "$(TARGET_NAME)";
				SWIFT_VERSION = 5.0;
				TARGETED_DEVICE_FAMILY = "1,2";
			};
			name = Debug;
		};
		644E5F37258A54F2007131E5 /* Release */ = {
			isa = XCBuildConfiguration;
			buildSettings = {
				ALWAYS_EMBED_SWIFT_STANDARD_LIBRARIES = YES;
				ASSETCATALOG_COMPILER_APPICON_NAME = AppIcon;
				ASSETCATALOG_COMPILER_GLOBAL_ACCENT_COLOR_NAME = AccentColor;
				CODE_SIGN_STYLE = Automatic;
				DEVELOPMENT_ASSET_PATHS = "\"SampleAppClipApp/Preview Content\"";
				ENABLE_PREVIEWS = YES;
				INFOPLIST_FILE = SampleAppClipApp/Info.plist;
				LD_RUNPATH_SEARCH_PATHS = (
					"$(inherited)",
					"@executable_path/Frameworks",
				);
				PRODUCT_BUNDLE_IDENTIFIER = io.bitrise.SampleAppClipApp;
				PRODUCT_NAME = "$(TARGET_NAME)";
				SWIFT_VERSION = 5.0;
				TARGETED_DEVICE_FAMILY = "1,2";
			};
			name = Release;
		};
		644E5F53258A550A007131E5 /* Debug */ = {
			isa = XCBuildConfiguration;
			buildSettings = {
				ASSETCATALOG_COMPILER_APPICON_NAME = AppIcon;
				ASSETCATALOG_COMPILER_GLOBAL_ACCENT_COLOR_NAME = AccentColor;
				CODE_SIGN_ENTITLEMENTS = "App Clip/App_Clip.entitlements";
				CODE_SIGN_STYLE = Automatic;
				DEVELOPMENT_ASSET_PATHS = "\"App Clip/Preview Content\"";
				ENABLE_PREVIEWS = YES;
				INFOPLIST_FILE = "App Clip/Info.plist";
				LD_RUNPATH_SEARCH_PATHS = (
					"$(inherited)",
					"@executable_path/Frameworks",
				);
				PRODUCT_BUNDLE_IDENTIFIER = io.bitrise.SampleAppClipApp.Clip;
				PRODUCT_NAME = "$(TARGET_NAME)";
				SWIFT_VERSION = 5.0;
				TARGETED_DEVICE_FAMILY = "1,2";
			};
			name = Debug;
		};
		644E5F54258A550A007131E5 /* Release */ = {
			isa = XCBuildConfiguration;
			buildSettings = {
				ASSETCATALOG_COMPILER_APPICON_NAME = AppIcon;
				ASSETCATALOG_COMPILER_GLOBAL_ACCENT_COLOR_NAME = AccentColor;
				CODE_SIGN_ENTITLEMENTS = "App Clip/App_Clip.entitlements";
				CODE_SIGN_STYLE = Automatic;
				DEVELOPMENT_ASSET_PATHS = "\"App Clip/Preview Content\"";
				ENABLE_PREVIEWS = YES;
				INFOPLIST_FILE = "App Clip/Info.plist";
				LD_RUNPATH_SEARCH_PATHS = (
					"$(inherited)",
					"@executable_path/Frameworks",
				);
				PRODUCT_BUNDLE_IDENTIFIER = io.bitrise.SampleAppClipApp.Clip;
				PRODUCT_NAME = "$(TARGET_NAME)";
				SWIFT_VERSION = 5.0;
				TARGETED_DEVICE_FAMILY = "1,2";
			};
			name = Release;
		};
/* End XCBuildConfiguration section */

/* Begin XCConfigurationList section */
		644E5F1C258A54EF007131E5 /* Build configuration list for PBXProject "SampleAppClipApp" */ = {
			isa = XCConfigurationList;
			buildConfigurations = (
				644E5F33258A54F2007131E5 /* Debug */,
				644E5F34258A54F2007131E5 /* Release */,
			);
			defaultConfigurationIsVisible = 0;
			defaultConfigurationName = Release;
		};
		644E5F35258A54F2007131E5 /* Build configuration list for PBXNativeTarget "SampleAppClipApp" */ = {
			isa = XCConfigurationList;
			buildConfigurations = (
				644E5F36258A54F2007131E5 /* Debug */,
				644E5F37258A54F2007131E5 /* Release */,
			);
			defaultConfigurationIsVisible = 0;
			defaultConfigurationName = Release;
		};
		644E5F52258A550A007131E5 /* Build configuration list for PBXNativeTarget "App Clip" */ = {
			isa = XCConfigurationList;
			buildConfigurations = (
				644E5F53258A550A007131E5 /* Debug */,
				644E5F54258A550A007131E5 /* Release */,
			);
			defaultConfigurationIsVisible = 0;
			defaultConfigurationName = Release;
		};
/* End XCConfigurationList section */
	};
	rootObject = 644E5F19258A54EF007131E5 /* Project object */;
}
